
Microsoft Visual Studio Solution File, Format Version 12.00
# Visual Studio Version 17
VisualStudioVersion = 17.10.34607.79
MinimumVisualStudioVersion = 10.0.40219.1
Project("{FAE04EC0-301F-11D3-BF4B-00C04F79EFBC}") = "bai1.1", "bai1.1.csproj", "{11008652-415E-4A07-BEF0-DD425D4D3490}"
EndProject
Global
	GlobalSection(SolutionConfigurationPlatforms) = preSolution
		Debug|Any CPU = Debug|Any CPU
		Release|Any CPU = Release|Any CPU
	EndGlobalSection
	GlobalSection(ProjectConfigurationPlatforms) = postSolution
		{11008652-415E-4A07-BEF0-DD425D4D3490}.Debug|Any CPU.ActiveCfg = Debug|Any CPU
		{11008652-415E-4A07-BEF0-DD425D4D3490}.Debug|Any CPU.Build.0 = Debug|Any CPU
		{11008652-415E-4A07-BEF0-DD425D4D3490}.Release|Any CPU.ActiveCfg = Release|Any CPU
		{11008652-415E-4A07-BEF0-DD425D4D3490}.Release|Any CPU.Build.0 = Release|Any CPU
	EndGlobalSection
	GlobalSection(SolutionProperties) = preSolution
		HideSolutionNode = FALSE
	EndGlobalSection
	GlobalSection(ExtensibilityGlobals) = postSolution
		SolutionGuid = {F69C45A3-5B5F-4DA6-BF64-42CB32EA1135}
	EndGlobalSection
EndGlobal
