
Microsoft Visual Studio Solution File, Format Version 12.00
# Visual Studio Version 17
VisualStudioVersion = 17.10.34607.79
MinimumVisualStudioVersion = 10.0.40219.1
Project("{FAE04EC0-301F-11D3-BF4B-00C04F79EFBC}") = "bai2.5", "bai2.5.csproj", "{FD3EE5FD-A803-405B-9489-B72710F44F9F}"
EndProject
Global
	GlobalSection(SolutionConfigurationPlatforms) = preSolution
		Debug|Any CPU = Debug|Any CPU
		Release|Any CPU = Release|Any CPU
	EndGlobalSection
	GlobalSection(ProjectConfigurationPlatforms) = postSolution
		{FD3EE5FD-A803-405B-9489-B72710F44F9F}.Debug|Any CPU.ActiveCfg = Debug|Any CPU
		{FD3EE5FD-A803-405B-9489-B72710F44F9F}.Debug|Any CPU.Build.0 = Debug|Any CPU
		{FD3EE5FD-A803-405B-9489-B72710F44F9F}.Release|Any CPU.ActiveCfg = Release|Any CPU
		{FD3EE5FD-A803-405B-9489-B72710F44F9F}.Release|Any CPU.Build.0 = Release|Any CPU
	EndGlobalSection
	GlobalSection(SolutionProperties) = preSolution
		HideSolutionNode = FALSE
	EndGlobalSection
	GlobalSection(ExtensibilityGlobals) = postSolution
		SolutionGuid = {30AD738F-E423-43CE-8723-1166D2D1FA5F}
	EndGlobalSection
EndGlobal
