
Microsoft Visual Studio Solution File, Format Version 12.00
# Visual Studio Version 17
VisualStudioVersion = 17.10.34607.79
MinimumVisualStudioVersion = 10.0.40219.1
Project("{FAE04EC0-301F-11D3-BF4B-00C04F79EFBC}") = "BaiKiemTra2", "BaiKiemTra2.csproj", "{D8F60560-E4AD-4BEB-877D-8A2C055DB4E7}"
EndProject
Global
	GlobalSection(SolutionConfigurationPlatforms) = preSolution
		Debug|Any CPU = Debug|Any CPU
		Release|Any CPU = Release|Any CPU
	EndGlobalSection
	GlobalSection(ProjectConfigurationPlatforms) = postSolution
		{D8F60560-E4AD-4BEB-877D-8A2C055DB4E7}.Debug|Any CPU.ActiveCfg = Debug|Any CPU
		{D8F60560-E4AD-4BEB-877D-8A2C055DB4E7}.Debug|Any CPU.Build.0 = Debug|Any CPU
		{D8F60560-E4AD-4BEB-877D-8A2C055DB4E7}.Release|Any CPU.ActiveCfg = Release|Any CPU
		{D8F60560-E4AD-4BEB-877D-8A2C055DB4E7}.Release|Any CPU.Build.0 = Release|Any CPU
	EndGlobalSection
	GlobalSection(SolutionProperties) = preSolution
		HideSolutionNode = FALSE
	EndGlobalSection
	GlobalSection(ExtensibilityGlobals) = postSolution
		SolutionGuid = {53203D34-7D8E-4909-9DCB-D6DB64D6C4B5}
	EndGlobalSection
EndGlobal
