
Microsoft Visual Studio Solution File, Format Version 12.00
# Visual Studio Version 17
VisualStudioVersion = 17.10.34607.79
MinimumVisualStudioVersion = 10.0.40219.1
Project("{FAE04EC0-301F-11D3-BF4B-00C04F79EFBC}") = "bai1.3", "bai1.3.csproj", "{BDE54FB6-2507-4BBE-BB41-58F4346B8997}"
EndProject
Global
	GlobalSection(SolutionConfigurationPlatforms) = preSolution
		Debug|Any CPU = Debug|Any CPU
		Release|Any CPU = Release|Any CPU
	EndGlobalSection
	GlobalSection(ProjectConfigurationPlatforms) = postSolution
		{BDE54FB6-2507-4BBE-BB41-58F4346B8997}.Debug|Any CPU.ActiveCfg = Debug|Any CPU
		{BDE54FB6-2507-4BBE-BB41-58F4346B8997}.Debug|Any CPU.Build.0 = Debug|Any CPU
		{BDE54FB6-2507-4BBE-BB41-58F4346B8997}.Release|Any CPU.ActiveCfg = Release|Any CPU
		{BDE54FB6-2507-4BBE-BB41-58F4346B8997}.Release|Any CPU.Build.0 = Release|Any CPU
	EndGlobalSection
	GlobalSection(SolutionProperties) = preSolution
		HideSolutionNode = FALSE
	EndGlobalSection
	GlobalSection(ExtensibilityGlobals) = postSolution
		SolutionGuid = {F28955B9-C497-4C83-960E-7B57C7554FE5}
	EndGlobalSection
EndGlobal
